# This file is automatically @generated by Cargo.
# It is not intended for manual editing.
[[package]]
name = "brn"
version = "0.1.0"
dependencies = [
 "die",
 "glob",
]

[[package]]
name = "die"
version = "0.2.0"
source = "registry+https://github.com/rust-lang/crates.io-index"
checksum = "f8634d5e6139f7364a4e99bd718b2f511f2f25863146360e70909bc45a016290"

[[package]]
name = "glob"
version = "0.3.0"
source = "registry+https://github.com/rust-lang/crates.io-index"
checksum = "9b919933a397b79c37e33b77bb2aa3dc8eb6e165ad809e58ff75bc7db2e34574"
